<?xml version="1.0" encoding="utf-8"?>
<Project ToolsVersion="4.0" xmlns="http://schemas.microsoft.com/developer/msbuild/2003">
  <ItemGroup>
    <ClCompile Include="ListenForTelemetry.cpp" />
  </ItemGroup>
  <ItemGroup>
    <ClInclude Include="flatbuffers\base.h">
      <Filter>Flatbuffers</Filter>
    </ClInclude>
    <ClInclude Include="flatbuffers\code_generators.h">
      <Filter>Flatbuffers</Filter>
    </ClInclude>
    <ClInclude Include="flatbuffers\flatbuffers.h">
      <Filter>Flatbuffers</Filter>
    </ClInclude>
    <ClInclude Include="flatbuffers\flatc.h">
      <Filter>Flatbuffers</Filter>
    </ClInclude>
    <ClInclude Include="flatbuffers\flexbuffers.h">
      <Filter>Flatbuffers</Filter>
    </ClInclude>
    <ClInclude Include="flatbuffers\grpc.h">
      <Filter>Flatbuffers</Filter>
    </ClInclude>
    <ClInclude Include="flatbuffers\hash.h">
      <Filter>Flatbuffers</Filter>
    </ClInclude>
    <ClInclude Include="flatbuffers\idl.h">
      <Filter>Flatbuffers</Filter>
    </ClInclude>
    <ClInclude Include="flatbuffers\minireflect.h">
      <Filter>Flatbuffers</Filter>
    </ClInclude>
    <ClInclude Include="flatbuffers\reflection.h">
      <Filter>Flatbuffers</Filter>
    </ClInclude>
    <ClInclude Include="flatbuffers\reflection_generated.h">
      <Filter>Flatbuffers</Filter>
    </ClInclude>
    <ClInclude Include="flatbuffers\registry.h">
      <Filter>Flatbuffers</Filter>
    </ClInclude>
    <ClInclude Include="flatbuffers\stl_emulation.h">
      <Filter>Flatbuffers</Filter>
    </ClInclude>
    <ClInclude Include="flatbuffers\util.h">
      <Filter>Flatbuffers</Filter>
    </ClInclude>
    <ClInclude Include="KartKraft\Frame_generated.h">
      <Filter>KartKraft</Filter>
    </ClInclude>
  </ItemGroup>
  <ItemGroup>
    <Filter Include="Flatbuffers">
      <UniqueIdentifier>{0bf3be35-6ccc-4129-aa03-6b8df37d5877}</UniqueIdentifier>
    </Filter>
    <Filter Include="KartKraft">
      <UniqueIdentifier>{bcf0ecc6-82e6-4899-906c-14a5a0b6c1cd}</UniqueIdentifier>
    </Filter>
  </ItemGroup>
</Project>